// !$*UTF8*$!
{
	archiveVersion = 1;
	classes = {
	};
	objectVersion = 46;
	objects = {

/* Begin PBXBuildFile section */
		6111E7251C89299D0021D046 /* LoginVC.swift in Sources */ = {isa = PBXBuildFile; fileRef = 6111E7241C89299D0021D046 /* LoginVC.swift */; };
		6111E7271C8929BB0021D046 /* SearchByFriendVC.swift in Sources */ = {isa = PBXBuildFile; fileRef = 6111E7261C8929BB0021D046 /* SearchByFriendVC.swift */; };
		6111E7291C8929C90021D046 /* SearchByTimeVC.swift in Sources */ = {isa = PBXBuildFile; fileRef = 6111E7281C8929C90021D046 /* SearchByTimeVC.swift */; };
		6111E72B1C8929D90021D046 /* HomeVC.swift in Sources */ = {isa = PBXBuildFile; fileRef = 6111E72A1C8929D90021D046 /* HomeVC.swift */; };
		A79B50861C7636E600E61787 /* AppDelegate.swift in Sources */ = {isa = PBXBuildFile; fileRef = A79B50851C7636E600E61787 /* AppDelegate.swift */; };
		A79B508D1C7636E600E61787 /* Main.storyboard in Resources */ = {isa = PBXBuildFile; fileRef = A79B508B1C7636E600E61787 /* Main.storyboard */; };
		A79B508F1C7636E600E61787 /* Assets.xcassets in Resources */ = {isa = PBXBuildFile; fileRef = A79B508E1C7636E600E61787 /* Assets.xcassets */; };
		A79B50921C7636E600E61787 /* LaunchScreen.storyboard in Resources */ = {isa = PBXBuildFile; fileRef = A79B50901C7636E600E61787 /* LaunchScreen.storyboard */; };
		A79B509D1C7636E600E61787 /* SkejuTests.swift in Sources */ = {isa = PBXBuildFile; fileRef = A79B509C1C7636E600E61787 /* SkejuTests.swift */; };
		A79B50A81C7636E600E61787 /* SkejuUITests.swift in Sources */ = {isa = PBXBuildFile; fileRef = A79B50A71C7636E600E61787 /* SkejuUITests.swift */; };
		A7E270DC1C8D1F0000BDCD4E /* Bolts.framework in Frameworks */ = {isa = PBXBuildFile; fileRef = A7E270D51C8D1F0000BDCD4E /* Bolts.framework */; };
		A7E270DD1C8D1F0000BDCD4E /* FacebookSDKStrings.bundle in Resources */ = {isa = PBXBuildFile; fileRef = A7E270D61C8D1F0000BDCD4E /* FacebookSDKStrings.bundle */; };
		A7E270DE1C8D1F0000BDCD4E /* FBAudienceNetwork.framework in Frameworks */ = {isa = PBXBuildFile; fileRef = A7E270D71C8D1F0000BDCD4E /* FBAudienceNetwork.framework */; };
		A7E270DF1C8D1F0000BDCD4E /* FBSDKCoreKit.framework in Frameworks */ = {isa = PBXBuildFile; fileRef = A7E270D81C8D1F0000BDCD4E /* FBSDKCoreKit.framework */; };
		A7E270E01C8D1F0000BDCD4E /* FBSDKLoginKit.framework in Frameworks */ = {isa = PBXBuildFile; fileRef = A7E270D91C8D1F0000BDCD4E /* FBSDKLoginKit.framework */; };
		A7E270E11C8D1F0000BDCD4E /* FBSDKMessengerShareKit.framework in Frameworks */ = {isa = PBXBuildFile; fileRef = A7E270DA1C8D1F0000BDCD4E /* FBSDKMessengerShareKit.framework */; };
		A7E270E21C8D1F0000BDCD4E /* FBSDKShareKit.framework in Frameworks */ = {isa = PBXBuildFile; fileRef = A7E270DB1C8D1F0000BDCD4E /* FBSDKShareKit.framework */; };
		A7E270E41C8D1F9D00BDCD4E /* LoginController.swift in Sources */ = {isa = PBXBuildFile; fileRef = A7E270E31C8D1F9D00BDCD4E /* LoginController.swift */; };
		A7E270E61C8D392300BDCD4E /* CalendarController.swift in Sources */ = {isa = PBXBuildFile; fileRef = A7E270E51C8D392300BDCD4E /* CalendarController.swift */; };
		A7E270E81C8D3C6100BDCD4E /* FindPeopleController.swift in Sources */ = {isa = PBXBuildFile; fileRef = A7E270E71C8D3C6100BDCD4E /* FindPeopleController.swift */; };
		A7E270EA1C8D3C6D00BDCD4E /* ScheduleController.swift in Sources */ = {isa = PBXBuildFile; fileRef = A7E270E91C8D3C6D00BDCD4E /* ScheduleController.swift */; };
/* End PBXBuildFile section */

/* Begin PBXContainerItemProxy section */
		A79B50991C7636E600E61787 /* PBXContainerItemProxy */ = {
			isa = PBXContainerItemProxy;
			containerPortal = A79B507A1C7636E600E61787 /* Project object */;
			proxyType = 1;
			remoteGlobalIDString = A79B50811C7636E600E61787;
			remoteInfo = Skeju;
		};
		A79B50A41C7636E600E61787 /* PBXContainerItemProxy */ = {
			isa = PBXContainerItemProxy;
			containerPortal = A79B507A1C7636E600E61787 /* Project object */;
			proxyType = 1;
			remoteGlobalIDString = A79B50811C7636E600E61787;
			remoteInfo = Skeju;
		};
/* End PBXContainerItemProxy section */

/* Begin PBXFileReference section */
		6111E7241C89299D0021D046 /* LoginVC.swift */ = {isa = PBXFileReference; fileEncoding = 4; lastKnownFileType = sourcecode.swift; path = LoginVC.swift; sourceTree = "<group>"; };
		6111E7261C8929BB0021D046 /* SearchByFriendVC.swift */ = {isa = PBXFileReference; fileEncoding = 4; lastKnownFileType = sourcecode.swift; path = SearchByFriendVC.swift; sourceTree = "<group>"; };
		6111E7281C8929C90021D046 /* SearchByTimeVC.swift */ = {isa = PBXFileReference; fileEncoding = 4; lastKnownFileType = sourcecode.swift; path = SearchByTimeVC.swift; sourceTree = "<group>"; };
		6111E72A1C8929D90021D046 /* HomeVC.swift */ = {isa = PBXFileReference; fileEncoding = 4; lastKnownFileType = sourcecode.swift; path = HomeVC.swift; sourceTree = "<group>"; };
		A79B50821C7636E600E61787 /* Skeju.app */ = {isa = PBXFileReference; explicitFileType = wrapper.application; includeInIndex = 0; path = Skeju.app; sourceTree = BUILT_PRODUCTS_DIR; };
		A79B50851C7636E600E61787 /* AppDelegate.swift */ = {isa = PBXFileReference; lastKnownFileType = sourcecode.swift; path = AppDelegate.swift; sourceTree = "<group>"; };
		A79B508C1C7636E600E61787 /* Base */ = {isa = PBXFileReference; lastKnownFileType = file.storyboard; name = Base; path = Base.lproj/Main.storyboard; sourceTree = "<group>"; };
		A79B508E1C7636E600E61787 /* Assets.xcassets */ = {isa = PBXFileReference; lastKnownFileType = folder.assetcatalog; path = Assets.xcassets; sourceTree = "<group>"; };
		A79B50911C7636E600E61787 /* Base */ = {isa = PBXFileReference; lastKnownFileType = file.storyboard; name = Base; path = Base.lproj/LaunchScreen.storyboard; sourceTree = "<group>"; };
		A79B50931C7636E600E61787 /* Info.plist */ = {isa = PBXFileReference; lastKnownFileType = text.plist.xml; path = Info.plist; sourceTree = "<group>"; };
		A79B50981C7636E600E61787 /* SkejuTests.xctest */ = {isa = PBXFileReference; explicitFileType = wrapper.cfbundle; includeInIndex = 0; path = SkejuTests.xctest; sourceTree = BUILT_PRODUCTS_DIR; };
		A79B509C1C7636E600E61787 /* SkejuTests.swift */ = {isa = PBXFileReference; lastKnownFileType = sourcecode.swift; path = SkejuTests.swift; sourceTree = "<group>"; };
		A79B509E1C7636E600E61787 /* Info.plist */ = {isa = PBXFileReference; lastKnownFileType = text.plist.xml; path = Info.plist; sourceTree = "<group>"; };
		A79B50A31C7636E600E61787 /* SkejuUITests.xctest */ = {isa = PBXFileReference; explicitFileType = wrapper.cfbundle; includeInIndex = 0; path = SkejuUITests.xctest; sourceTree = BUILT_PRODUCTS_DIR; };
		A79B50A71C7636E600E61787 /* SkejuUITests.swift */ = {isa = PBXFileReference; lastKnownFileType = sourcecode.swift; path = SkejuUITests.swift; sourceTree = "<group>"; };
		A79B50A91C7636E600E61787 /* Info.plist */ = {isa = PBXFileReference; lastKnownFileType = text.plist.xml; path = Info.plist; sourceTree = "<group>"; };
		A7E270D51C8D1F0000BDCD4E /* Bolts.framework */ = {isa = PBXFileReference; lastKnownFileType = wrapper.framework; path = Bolts.framework; sourceTree = "<group>"; };
		A7E270D61C8D1F0000BDCD4E /* FacebookSDKStrings.bundle */ = {isa = PBXFileReference; lastKnownFileType = "wrapper.plug-in"; path = FacebookSDKStrings.bundle; sourceTree = "<group>"; };
		A7E270D71C8D1F0000BDCD4E /* FBAudienceNetwork.framework */ = {isa = PBXFileReference; lastKnownFileType = wrapper.framework; path = FBAudienceNetwork.framework; sourceTree = "<group>"; };
		A7E270D81C8D1F0000BDCD4E /* FBSDKCoreKit.framework */ = {isa = PBXFileReference; lastKnownFileType = wrapper.framework; path = FBSDKCoreKit.framework; sourceTree = "<group>"; };
		A7E270D91C8D1F0000BDCD4E /* FBSDKLoginKit.framework */ = {isa = PBXFileReference; lastKnownFileType = wrapper.framework; path = FBSDKLoginKit.framework; sourceTree = "<group>"; };
		A7E270DA1C8D1F0000BDCD4E /* FBSDKMessengerShareKit.framework */ = {isa = PBXFileReference; lastKnownFileType = wrapper.framework; path = FBSDKMessengerShareKit.framework; sourceTree = "<group>"; };
		A7E270DB1C8D1F0000BDCD4E /* FBSDKShareKit.framework */ = {isa = PBXFileReference; lastKnownFileType = wrapper.framework; path = FBSDKShareKit.framework; sourceTree = "<group>"; };
		A7E270E31C8D1F9D00BDCD4E /* LoginController.swift */ = {isa = PBXFileReference; fileEncoding = 4; lastKnownFileType = sourcecode.swift; path = LoginController.swift; sourceTree = "<group>"; };
		A7E270E51C8D392300BDCD4E /* CalendarController.swift */ = {isa = PBXFileReference; fileEncoding = 4; lastKnownFileType = sourcecode.swift; path = CalendarController.swift; sourceTree = "<group>"; };
		A7E270E71C8D3C6100BDCD4E /* FindPeopleController.swift */ = {isa = PBXFileReference; fileEncoding = 4; lastKnownFileType = sourcecode.swift; path = FindPeopleController.swift; sourceTree = "<group>"; };
		A7E270E91C8D3C6D00BDCD4E /* ScheduleController.swift */ = {isa = PBXFileReference; fileEncoding = 4; lastKnownFileType = sourcecode.swift; path = ScheduleController.swift; sourceTree = "<group>"; };
/* End PBXFileReference section */

/* Begin PBXFrameworksBuildPhase section */
		A79B507F1C7636E600E61787 /* Frameworks */ = {
			isa = PBXFrameworksBuildPhase;
			buildActionMask = 2147483647;
			files = (
				A7E270DC1C8D1F0000BDCD4E /* Bolts.framework in Frameworks */,
				A7E270DF1C8D1F0000BDCD4E /* FBSDKCoreKit.framework in Frameworks */,
				A7E270E21C8D1F0000BDCD4E /* FBSDKShareKit.framework in Frameworks */,
				A7E270E11C8D1F0000BDCD4E /* FBSDKMessengerShareKit.framework in Frameworks */,
				A7E270E01C8D1F0000BDCD4E /* FBSDKLoginKit.framework in Frameworks */,
				A7E270DE1C8D1F0000BDCD4E /* FBAudienceNetwork.framework in Frameworks */,
			);
			runOnlyForDeploymentPostprocessing = 0;
		};
		A79B50951C7636E600E61787 /* Frameworks */ = {
			isa = PBXFrameworksBuildPhase;
			buildActionMask = 2147483647;
			files = (
			);
			runOnlyForDeploymentPostprocessing = 0;
		};
		A79B50A01C7636E600E61787 /* Frameworks */ = {
			isa = PBXFrameworksBuildPhase;
			buildActionMask = 2147483647;
			files = (
			);
			runOnlyForDeploymentPostprocessing = 0;
		};
/* End PBXFrameworksBuildPhase section */

/* Begin PBXGroup section */
		A79B50791C7636E600E61787 = {
			isa = PBXGroup;
			children = (
				A7E270D31C8D1E6500BDCD4E /* Frameworks */,
				A79B50841C7636E600E61787 /* Skeju */,
				A79B509B1C7636E600E61787 /* SkejuTests */,
				A79B50A61C7636E600E61787 /* SkejuUITests */,
				A79B50831C7636E600E61787 /* Products */,
			);
			sourceTree = "<group>";
		};
		A79B50831C7636E600E61787 /* Products */ = {
			isa = PBXGroup;
			children = (
				A79B50821C7636E600E61787 /* Skeju.app */,
				A79B50981C7636E600E61787 /* SkejuTests.xctest */,
				A79B50A31C7636E600E61787 /* SkejuUITests.xctest */,
			);
			name = Products;
			sourceTree = "<group>";
		};
		A79B50841C7636E600E61787 /* Skeju */ = {
			isa = PBXGroup;
			children = (
				A79B50851C7636E600E61787 /* AppDelegate.swift */,
				A79B508B1C7636E600E61787 /* Main.storyboard */,
				A79B508E1C7636E600E61787 /* Assets.xcassets */,
				A79B50901C7636E600E61787 /* LaunchScreen.storyboard */,
				A79B50931C7636E600E61787 /* Info.plist */,
				6111E72A1C8929D90021D046 /* HomeVC.swift */,
				6111E7241C89299D0021D046 /* LoginVC.swift */,
				6111E7261C8929BB0021D046 /* SearchByFriendVC.swift */,
				6111E7281C8929C90021D046 /* SearchByTimeVC.swift */,
				A7E270E31C8D1F9D00BDCD4E /* LoginController.swift */,
				A7E270E51C8D392300BDCD4E /* CalendarController.swift */,
				A7E270E71C8D3C6100BDCD4E /* FindPeopleController.swift */,
				A7E270E91C8D3C6D00BDCD4E /* ScheduleController.swift */,
			);
			path = Skeju;
			sourceTree = "<group>";
		};
		A79B509B1C7636E600E61787 /* SkejuTests */ = {
			isa = PBXGroup;
			children = (
				A79B509C1C7636E600E61787 /* SkejuTests.swift */,
				A79B509E1C7636E600E61787 /* Info.plist */,
			);
			path = SkejuTests;
			sourceTree = "<group>";
		};
		A79B50A61C7636E600E61787 /* SkejuUITests */ = {
			isa = PBXGroup;
			children = (
				A79B50A71C7636E600E61787 /* SkejuUITests.swift */,
				A79B50A91C7636E600E61787 /* Info.plist */,
			);
			path = SkejuUITests;
			sourceTree = "<group>";
		};
		A7E270D31C8D1E6500BDCD4E /* Frameworks */ = {
			isa = PBXGroup;
			children = (
				A7E270D41C8D1EF200BDCD4E /* FacebookSDK */,
			);
			path = Frameworks;
			sourceTree = "<group>";
		};
		A7E270D41C8D1EF200BDCD4E /* FacebookSDK */ = {
			isa = PBXGroup;
			children = (
				A7E270D51C8D1F0000BDCD4E /* Bolts.framework */,
				A7E270D61C8D1F0000BDCD4E /* FacebookSDKStrings.bundle */,
				A7E270D71C8D1F0000BDCD4E /* FBAudienceNetwork.framework */,
				A7E270D81C8D1F0000BDCD4E /* FBSDKCoreKit.framework */,
				A7E270D91C8D1F0000BDCD4E /* FBSDKLoginKit.framework */,
				A7E270DA1C8D1F0000BDCD4E /* FBSDKMessengerShareKit.framework */,
				A7E270DB1C8D1F0000BDCD4E /* FBSDKShareKit.framework */,
			);
			path = FacebookSDK;
			sourceTree = "<group>";
		};
/* End PBXGroup section */

/* Begin PBXNativeTarget section */
		A79B50811C7636E600E61787 /* Skeju */ = {
			isa = PBXNativeTarget;
			buildConfigurationList = A79B50AC1C7636E600E61787 /* Build configuration list for PBXNativeTarget "Skeju" */;
			buildPhases = (
				A79B507E1C7636E600E61787 /* Sources */,
				A79B507F1C7636E600E61787 /* Frameworks */,
				A79B50801C7636E600E61787 /* Resources */,
			);
			buildRules = (
			);
			dependencies = (
			);
			name = Skeju;
			productName = Skeju;
			productReference = A79B50821C7636E600E61787 /* Skeju.app */;
			productType = "com.apple.product-type.application";
		};
		A79B50971C7636E600E61787 /* SkejuTests */ = {
			isa = PBXNativeTarget;
			buildConfigurationList = A79B50AF1C7636E600E61787 /* Build configuration list for PBXNativeTarget "SkejuTests" */;
			buildPhases = (
				A79B50941C7636E600E61787 /* Sources */,
				A79B50951C7636E600E61787 /* Frameworks */,
				A79B50961C7636E600E61787 /* Resources */,
			);
			buildRules = (
			);
			dependencies = (
				A79B509A1C7636E600E61787 /* PBXTargetDependency */,
			);
			name = SkejuTests;
			productName = SkejuTests;
			productReference = A79B50981C7636E600E61787 /* SkejuTests.xctest */;
			productType = "com.apple.product-type.bundle.unit-test";
		};
		A79B50A21C7636E600E61787 /* SkejuUITests */ = {
			isa = PBXNativeTarget;
			buildConfigurationList = A79B50B21C7636E600E61787 /* Build configuration list for PBXNativeTarget "SkejuUITests" */;
			buildPhases = (
				A79B509F1C7636E600E61787 /* Sources */,
				A79B50A01C7636E600E61787 /* Frameworks */,
				A79B50A11C7636E600E61787 /* Resources */,
			);
			buildRules = (
			);
			dependencies = (
				A79B50A51C7636E600E61787 /* PBXTargetDependency */,
			);
			name = SkejuUITests;
			productName = SkejuUITests;
			productReference = A79B50A31C7636E600E61787 /* SkejuUITests.xctest */;
			productType = "com.apple.product-type.bundle.ui-testing";
		};
/* End PBXNativeTarget section */

/* Begin PBXProject section */
		A79B507A1C7636E600E61787 /* Project object */ = {
			isa = PBXProject;
			attributes = {
				LastSwiftUpdateCheck = 0720;
				LastUpgradeCheck = 0720;
				ORGANIZATIONNAME = GeorgiaTech;
				TargetAttributes = {
					A79B50811C7636E600E61787 = {
						CreatedOnToolsVersion = 7.2.1;
						DevelopmentTeam = F6ZL37J38S;
					};
					A79B50971C7636E600E61787 = {
						CreatedOnToolsVersion = 7.2.1;
						TestTargetID = A79B50811C7636E600E61787;
					};
					A79B50A21C7636E600E61787 = {
						CreatedOnToolsVersion = 7.2.1;
						TestTargetID = A79B50811C7636E600E61787;
					};
				};
			};
			buildConfigurationList = A79B507D1C7636E600E61787 /* Build configuration list for PBXProject "Skeju" */;
			compatibilityVersion = "Xcode 3.2";
			developmentRegion = English;
			hasScannedForEncodings = 0;
			knownRegions = (
				en,
				Base,
			);
			mainGroup = A79B50791C7636E600E61787;
			productRefGroup = A79B50831C7636E600E61787 /* Products */;
			projectDirPath = "";
			projectRoot = "";
			targets = (
				A79B50811C7636E600E61787 /* Skeju */,
				A79B50971C7636E600E61787 /* SkejuTests */,
				A79B50A21C7636E600E61787 /* SkejuUITests */,
			);
		};
/* End PBXProject section */

/* Begin PBXResourcesBuildPhase section */
		A79B50801C7636E600E61787 /* Resources */ = {
			isa = PBXResourcesBuildPhase;
			buildActionMask = 2147483647;
			files = (
				A79B50921C7636E600E61787 /* LaunchScreen.storyboard in Resources */,
				A7E270DD1C8D1F0000BDCD4E /* FacebookSDKStrings.bundle in Resources */,
				A79B508F1C7636E600E61787 /* Assets.xcassets in Resources */,
				A79B508D1C7636E600E61787 /* Main.storyboard in Resources */,
			);
			runOnlyForDeploymentPostprocessing = 0;
		};
		A79B50961C7636E600E61787 /* Resources */ = {
			isa = PBXResourcesBuildPhase;
			buildActionMask = 2147483647;
			files = (
			);
			runOnlyForDeploymentPostprocessing = 0;
		};
		A79B50A11C7636E600E61787 /* Resources */ = {
			isa = PBXResourcesBuildPhase;
			buildActionMask = 2147483647;
			files = (
			);
			runOnlyForDeploymentPostprocessing = 0;
		};
/* End PBXResourcesBuildPhase section */

/* Begin PBXSourcesBuildPhase section */
		A79B507E1C7636E600E61787 /* Sources */ = {
			isa = PBXSourcesBuildPhase;
			buildActionMask = 2147483647;
			files = (
				6111E7291C8929C90021D046 /* SearchByTimeVC.swift in Sources */,
				A7E270E41C8D1F9D00BDCD4E /* LoginController.swift in Sources */,
				A7E270EA1C8D3C6D00BDCD4E /* ScheduleController.swift in Sources */,
				6111E72B1C8929D90021D046 /* HomeVC.swift in Sources */,
				A7E270E61C8D392300BDCD4E /* CalendarController.swift in Sources */,
				6111E7251C89299D0021D046 /* LoginVC.swift in Sources */,
				A79B50861C7636E600E61787 /* AppDelegate.swift in Sources */,
				6111E7271C8929BB0021D046 /* SearchByFriendVC.swift in Sources */,
				A7E270E81C8D3C6100BDCD4E /* FindPeopleController.swift in Sources */,
			);
			runOnlyForDeploymentPostprocessing = 0;
		};
		A79B50941C7636E600E61787 /* Sources */ = {
			isa = PBXSourcesBuildPhase;
			buildActionMask = 2147483647;
			files = (
				A79B509D1C7636E600E61787 /* SkejuTests.swift in Sources */,
			);
			runOnlyForDeploymentPostprocessing = 0;
		};
		A79B509F1C7636E600E61787 /* Sources */ = {
			isa = PBXSourcesBuildPhase;
			buildActionMask = 2147483647;
			files = (
				A79B50A81C7636E600E61787 /* SkejuUITests.swift in Sources */,
			);
			runOnlyForDeploymentPostprocessing = 0;
		};
/* End PBXSourcesBuildPhase section */

/* Begin PBXTargetDependency section */
		A79B509A1C7636E600E61787 /* PBXTargetDependency */ = {
			isa = PBXTargetDependency;
			target = A79B50811C7636E600E61787 /* Skeju */;
			targetProxy = A79B50991C7636E600E61787 /* PBXContainerItemProxy */;
		};
		A79B50A51C7636E600E61787 /* PBXTargetDependency */ = {
			isa = PBXTargetDependency;
			target = A79B50811C7636E600E61787 /* Skeju */;
			targetProxy = A79B50A41C7636E600E61787 /* PBXContainerItemProxy */;
		};
/* End PBXTargetDependency section */

/* Begin PBXVariantGroup section */
		A79B508B1C7636E600E61787 /* Main.storyboard */ = {
			isa = PBXVariantGroup;
			children = (
				A79B508C1C7636E600E61787 /* Base */,
			);
			name = Main.storyboard;
			sourceTree = "<group>";
		};
		A79B50901C7636E600E61787 /* LaunchScreen.storyboard */ = {
			isa = PBXVariantGroup;
			children = (
				A79B50911C7636E600E61787 /* Base */,
			);
			name = LaunchScreen.storyboard;
			sourceTree = "<group>";
		};
/* End PBXVariantGroup section */

/* Begin XCBuildConfiguration section */
		A79B50AA1C7636E600E61787 /* Debug */ = {
			isa = XCBuildConfiguration;
			buildSettings = {
				ALWAYS_SEARCH_USER_PATHS = NO;
				CLANG_CXX_LANGUAGE_STANDARD = "gnu++0x";
				CLANG_CXX_LIBRARY = "libc++";
				CLANG_ENABLE_MODULES = YES;
				CLANG_ENABLE_OBJC_ARC = YES;
				CLANG_WARN_BOOL_CONVERSION = YES;
				CLANG_WARN_CONSTANT_CONVERSION = YES;
				CLANG_WARN_DIRECT_OBJC_ISA_USAGE = YES_ERROR;
				CLANG_WARN_EMPTY_BODY = YES;
				CLANG_WARN_ENUM_CONVERSION = YES;
				CLANG_WARN_INT_CONVERSION = YES;
				CLANG_WARN_OBJC_ROOT_CLASS = YES_ERROR;
				CLANG_WARN_UNREACHABLE_CODE = YES;
				CLANG_WARN__DUPLICATE_METHOD_MATCH = YES;
				"CODE_SIGN_IDENTITY[sdk=iphoneos*]" = "iPhone Developer";
				COPY_PHASE_STRIP = NO;
				DEBUG_INFORMATION_FORMAT = dwarf;
				ENABLE_STRICT_OBJC_MSGSEND = YES;
				ENABLE_TESTABILITY = YES;
				GCC_C_LANGUAGE_STANDARD = gnu99;
				GCC_DYNAMIC_NO_PIC = NO;
				GCC_NO_COMMON_BLOCKS = YES;
				GCC_OPTIMIZATION_LEVEL = 0;
				GCC_PREPROCESSOR_DEFINITIONS = (
					"DEBUG=1",
					"$(inherited)",
				);
				GCC_WARN_64_TO_32_BIT_CONVERSION = YES;
				GCC_WARN_ABOUT_RETURN_TYPE = YES_ERROR;
				GCC_WARN_UNDECLARED_SELECTOR = YES;
				GCC_WARN_UNINITIALIZED_AUTOS = YES_AGGRESSIVE;
				GCC_WARN_UNUSED_FUNCTION = YES;
				GCC_WARN_UNUSED_VARIABLE = YES;
				IPHONEOS_DEPLOYMENT_TARGET = 9.2;
				MTL_ENABLE_DEBUG_INFO = YES;
				ONLY_ACTIVE_ARCH = YES;
				SDKROOT = iphoneos;
				SWIFT_OPTIMIZATION_LEVEL = "-Onone";
			};
			name = Debug;
		};
		A79B50AB1C7636E600E61787 /* Release */ = {
			isa = XCBuildConfiguration;
			buildSettings = {
				ALWAYS_SEARCH_USER_PATHS = NO;
				CLANG_CXX_LANGUAGE_STANDARD = "gnu++0x";
				CLANG_CXX_LIBRARY = "libc++";
				CLANG_ENABLE_MODULES = YES;
				CLANG_ENABLE_OBJC_ARC = YES;
				CLANG_WARN_BOOL_CONVERSION = YES;
				CLANG_WARN_CONSTANT_CONVERSION = YES;
				CLANG_WARN_DIRECT_OBJC_ISA_USAGE = YES_ERROR;
				CLANG_WARN_EMPTY_BODY = YES;
				CLANG_WARN_ENUM_CONVERSION = YES;
				CLANG_WARN_INT_CONVERSION = YES;
				CLANG_WARN_OBJC_ROOT_CLASS = YES_ERROR;
				CLANG_WARN_UNREACHABLE_CODE = YES;
				CLANG_WARN__DUPLICATE_METHOD_MATCH = YES;
				"CODE_SIGN_IDENTITY[sdk=iphoneos*]" = "iPhone Developer";
				COPY_PHASE_STRIP = NO;
				DEBUG_INFORMATION_FORMAT = "dwarf-with-dsym";
				ENABLE_NS_ASSERTIONS = NO;
				ENABLE_STRICT_OBJC_MSGSEND = YES;
				GCC_C_LANGUAGE_STANDARD = gnu99;
				GCC_NO_COMMON_BLOCKS = YES;
				GCC_WARN_64_TO_32_BIT_CONVERSION = YES;
				GCC_WARN_ABOUT_RETURN_TYPE = YES_ERROR;
				GCC_WARN_UNDECLARED_SELECTOR = YES;
				GCC_WARN_UNINITIALIZED_AUTOS = YES_AGGRESSIVE;
				GCC_WARN_UNUSED_FUNCTION = YES;
				GCC_WARN_UNUSED_VARIABLE = YES;
				IPHONEOS_DEPLOYMENT_TARGET = 9.2;
				MTL_ENABLE_DEBUG_INFO = NO;
				SDKROOT = iphoneos;
				VALIDATE_PRODUCT = YES;
			};
			name = Release;
		};
		A79B50AD1C7636E600E61787 /* Debug */ = {
			isa = XCBuildConfiguration;
			buildSettings = {
				ASSETCATALOG_COMPILER_APPICON_NAME = AppIcon;
				CODE_SIGN_IDENTITY = "iPhone Developer";
				"CODE_SIGN_IDENTITY[sdk=iphoneos*]" = "iPhone Developer";
				FRAMEWORK_SEARCH_PATHS = (
					"$(inherited)",
					"$(PROJECT_DIR)/Frameworks/FacebookSDK",
				);
				INFOPLIST_FILE = Skeju/Info.plist;
				LD_RUNPATH_SEARCH_PATHS = "$(inherited) @executable_path/Frameworks";
				PRODUCT_BUNDLE_IDENTIFIER = cs4261.Skeju;
				PRODUCT_NAME = "$(TARGET_NAME)";
				PROVISIONING_PROFILE = "";
			};
			name = Debug;
		};
		A79B50AE1C7636E600E61787 /* Release */ = {
			isa = XCBuildConfiguration;
			buildSettings = {
				ASSETCATALOG_COMPILER_APPICON_NAME = AppIcon;
				CODE_SIGN_IDENTITY = "iPhone Developer";
				"CODE_SIGN_IDENTITY[sdk=iphoneos*]" = "iPhone Developer";
				FRAMEWORK_SEARCH_PATHS = (
					"$(inherited)",
					"$(PROJECT_DIR)/Frameworks/FacebookSDK",
				);
				INFOPLIST_FILE = Skeju/Info.plist;
				LD_RUNPATH_SEARCH_PATHS = "$(inherited) @executable_path/Frameworks";
				PRODUCT_BUNDLE_IDENTIFIER = cs4261.Skeju;
				PRODUCT_NAME = "$(TARGET_NAME)";
				PROVISIONING_PROFILE = "";
			};
			name = Release;
		};
		A79B50B01C7636E600E61787 /* Debug */ = {
			isa = XCBuildConfiguration;
			buildSettings = {
				BUNDLE_LOADER = "$(TEST_HOST)";
				INFOPLIST_FILE = SkejuTests/Info.plist;
				LD_RUNPATH_SEARCH_PATHS = "$(inherited) @executable_path/Frameworks @loader_path/Frameworks";
				PRODUCT_BUNDLE_IDENTIFIER = cs4261.SkejuTests;
				PRODUCT_NAME = "$(TARGET_NAME)";
				TEST_HOST = "$(BUILT_PRODUCTS_DIR)/Skeju.app/Skeju";
			};
			name = Debug;
		};
		A79B50B11C7636E600E61787 /* Release */ = {
			isa = XCBuildConfiguration;
			buildSettings = {
				BUNDLE_LOADER = "$(TEST_HOST)";
				INFOPLIST_FILE = SkejuTests/Info.plist;
				LD_RUNPATH_SEARCH_PATHS = "$(inherited) @executable_path/Frameworks @loader_path/Frameworks";
				PRODUCT_BUNDLE_IDENTIFIER = cs4261.SkejuTests;
				PRODUCT_NAME = "$(TARGET_NAME)";
				TEST_HOST = "$(BUILT_PRODUCTS_DIR)/Skeju.app/Skeju";
			};
			name = Release;
		};
		A79B50B31C7636E600E61787 /* Debug */ = {
			isa = XCBuildConfiguration;
			buildSettings = {
				INFOPLIST_FILE = SkejuUITests/Info.plist;
				LD_RUNPATH_SEARCH_PATHS = "$(inherited) @executable_path/Frameworks @loader_path/Frameworks";
				PRODUCT_BUNDLE_IDENTIFIER = cs4261.SkejuUITests;
				PRODUCT_NAME = "$(TARGET_NAME)";
				TEST_TARGET_NAME = Skeju;
				USES_XCTRUNNER = YES;
			};
			name = Debug;
		};
		A79B50B41C7636E600E61787 /* Release */ = {
			isa = XCBuildConfiguration;
			buildSettings = {
				INFOPLIST_FILE = SkejuUITests/Info.plist;
				LD_RUNPATH_SEARCH_PATHS = "$(inherited) @executable_path/Frameworks @loader_path/Frameworks";
				PRODUCT_BUNDLE_IDENTIFIER = cs4261.SkejuUITests;
				PRODUCT_NAME = "$(TARGET_NAME)";
				TEST_TARGET_NAME = Skeju;
				USES_XCTRUNNER = YES;
			};
			name = Release;
		};
/* End XCBuildConfiguration section */

/* Begin XCConfigurationList section */
		A79B507D1C7636E600E61787 /* Build configuration list for PBXProject "Skeju" */ = {
			isa = XCConfigurationList;
			buildConfigurations = (
				A79B50AA1C7636E600E61787 /* Debug */,
				A79B50AB1C7636E600E61787 /* Release */,
			);
			defaultConfigurationIsVisible = 0;
			defaultConfigurationName = Release;
		};
		A79B50AC1C7636E600E61787 /* Build configuration list for PBXNativeTarget "Skeju" */ = {
			isa = XCConfigurationList;
			buildConfigurations = (
				A79B50AD1C7636E600E61787 /* Debug */,
				A79B50AE1C7636E600E61787 /* Release */,
			);
			defaultConfigurationIsVisible = 0;
			defaultConfigurationName = Release;
		};
		A79B50AF1C7636E600E61787 /* Build configuration list for PBXNativeTarget "SkejuTests" */ = {
			isa = XCConfigurationList;
			buildConfigurations = (
				A79B50B01C7636E600E61787 /* Debug */,
				A79B50B11C7636E600E61787 /* Release */,
			);
			defaultConfigurationIsVisible = 0;
			defaultConfigurationName = Release;
		};
		A79B50B21C7636E600E61787 /* Build configuration list for PBXNativeTarget "SkejuUITests" */ = {
			isa = XCConfigurationList;
			buildConfigurations = (
				A79B50B31C7636E600E61787 /* Debug */,
				A79B50B41C7636E600E61787 /* Release */,
			);
			defaultConfigurationIsVisible = 0;
			defaultConfigurationName = Release;
		};
/* End XCConfigurationList section */
	};
	rootObject = A79B507A1C7636E600E61787 /* Project object */;
}
